PODS:
  - Braintree/ApplePay (6.6.0):
    - Braintree/Core
  - Braintree/Core (6.6.0)
  - Braintree/DataCollector (6.6.0):
    - Braintree/Core
  - Braintree/PayPal (6.6.0):
    - Braintree/Core
    - Braintree/DataCollector
  - Braintree/PayPalNativeCheckout (6.6.0):
    - Braintree/Core
    - Braintree/PayPal
    - PayPalCheckout (= 1.1.0)
  - Flutter (1.0.0)
  - flutter_braintree (2.0.0):
    - Braintree/ApplePay (~> 6.6.0)
    - Braintree/PayPal (~> 6.6.0)
    - Braintree/PayPalNativeCheckout (~> 6.6.0)
    - Flutter
  - PayPalCheckout (1.1.0)

DEPENDENCIES:
  - Flutter (from `Flutter`)
  - flutter_braintree (from `.symlinks/plugins/flutter_braintree/ios`)

SPEC REPOS:
  trunk:
    - Braintree
    - PayPalCheckout

EXTERNAL SOURCES:
  Flutter:
    :path: Flutter
  flutter_braintree:
    :path: ".symlinks/plugins/flutter_braintree/ios"

SPEC CHECKSUMS:
  Braintree: 69b41260af473d8d9bad1d74576fd021954a750a
  Flutter: f04841e97a9d0b0a8025694d0796dd46242b2854
  flutter_braintree: 21654f23c3c220ceb7f6ac218919442740ad685b
  PayPalCheckout: ec442f9026c4ec6eee58f768b3cfd81c0ff569bf

PODFILE CHECKSUM: 7d6f6f687ae4a692b0eeac1dbcf5093d6fd43119

COCOAPODS: 1.12.1
