PODS:
  - Braintree/ApplePay (5.22.0):
    - Braintree/Core
  - Braintree/Card (5.22.0):
    - Braintree/Core
  - Braintree/Core (5.22.0)
  - Braintree/PaymentFlow (5.22.0):
    - Braintree/Core
    - Braintree/PayPalDataCollector
  - Braintree/PayPal (5.22.0):
    - Braintree/Core
    - Braintree/PayPalDataCollector
  - Braintree/PayPalDataCollector (5.22.0)
  - Braintree/PayPalNativeCheckout (5.22.0):
    - Braintree/Core
    - Braintree/PayPal
    - PayPalCheckout (= 0.110.0)
  - Braintree/ThreeDSecure (5.22.0):
    - Braintree/Card
    - Braintree/PaymentFlow
  - Braintree/UnionPay (5.22.0):
    - Braintree/Card
  - Braintree/Venmo (5.22.0):
    - Braintree/Core
  - BraintreeDropIn (9.9.0):
    - Braintree/ApplePay (~> 5.19)
    - Braintree/Card (~> 5.19)
    - Braintree/Core (~> 5.19)
    - Braintree/PayPal (~> 5.19)
    - Braintree/ThreeDSecure (~> 5.19)
    - Braintree/UnionPay (~> 5.19)
    - Braintree/Venmo (~> 5.19)
  - Flutter (1.0.0)
  - flutter_braintree (2.0.0):
    - Braintree/PayPalNativeCheckout (~> 5.22.0)
    - BraintreeDropIn (= 9.9.0)
    - Flutter
  - PayPalCheckout (0.110.0)

DEPENDENCIES:
  - Flutter (from `Flutter`)
  - flutter_braintree (from `.symlinks/plugins/flutter_braintree/ios`)

SPEC REPOS:
  trunk:
    - Braintree
    - BraintreeDropIn
    - PayPalCheckout

EXTERNAL SOURCES:
  Flutter:
    :path: Flutter
  flutter_braintree:
    :path: ".symlinks/plugins/flutter_braintree/ios"

SPEC CHECKSUMS:
  Braintree: e154d3a5ebf17ceff4d8e704239e18afcd45cc81
  BraintreeDropIn: 6efa685908f42bf3a43072757fac137e03d3ffd7
  Flutter: f04841e97a9d0b0a8025694d0796dd46242b2854
  flutter_braintree: 045dc8846df874f3eaef5384893ba04f2c7e40b2
  PayPalCheckout: 91b3b728e2bfff22ecffcafcf374574b760f52f9

PODFILE CHECKSUM: 7d6f6f687ae4a692b0eeac1dbcf5093d6fd43119

COCOAPODS: 1.12.1
