PODS:
  - Braintree/ApplePay (5.11.0):
    - Braintree/Core
  - Braintree/Card (5.11.0):
    - Braintree/Core
  - Braintree/Core (5.11.0)
  - Braintree/PaymentFlow (5.11.0):
    - Braintree/Core
    - Braintree/PayPalDataCollector
  - Braintree/PayPal (5.11.0):
    - Braintree/Core
    - Braintree/PayPalDataCollector
  - Braintree/PayPalDataCollector (5.11.0)
  - Braintree/PayPalNativeCheckout (5.11.0):
    - Braintree/Core
    - Braintree/PayPal
    - PayPalCheckout (~> 0.100.0)
  - Braintree/ThreeDSecure (5.11.0):
    - Braintree/Card
    - Braintree/PaymentFlow
  - Braintree/UnionPay (5.11.0):
    - Braintree/Card
  - Braintree/Venmo (5.11.0):
    - Braintree/Core
  - BraintreeDropIn (9.5.0):
    - Braintree/ApplePay (~> 5.8)
    - Braintree/Card (~> 5.8)
    - Braintree/Core (~> 5.8)
    - Braintree/PayPal (~> 5.8)
    - Braintree/ThreeDSecure (~> 5.8)
    - Braintree/UnionPay (~> 5.8)
    - Braintree/Venmo (~> 5.8)
  - Flutter (1.0.0)
  - flutter_braintree (1.0.0):
    - Braintree/ApplePay (~> 5.11.0)
    - Braintree/Core (~> 5.11.0)
    - Braintree/PayPal (~> 5.11.0)
    - Braintree/PayPalNativeCheckout (~> 5.11.0)
    - BraintreeDropIn (= 9.5.0)
    - Flutter
  - PayPalCheckout (0.100.0)

DEPENDENCIES:
  - Flutter (from `Flutter`)
  - flutter_braintree (from `.symlinks/plugins/flutter_braintree/ios`)

SPEC REPOS:
  trunk:
    - Braintree
    - BraintreeDropIn
    - PayPalCheckout

EXTERNAL SOURCES:
  Flutter:
    :path: Flutter
  flutter_braintree:
    :path: ".symlinks/plugins/flutter_braintree/ios"

SPEC CHECKSUMS:
  Braintree: e8cad500b9cbb1b31bd85c18814a569dcac5ff5c
  BraintreeDropIn: c6ca148e8c26110202052e38ec90ffae21f7ec41
  Flutter: f04841e97a9d0b0a8025694d0796dd46242b2854
  flutter_braintree: 4188a926708e52ddf3579de4a79d7dab69b5662f
  PayPalCheckout: aaea664c43840f6c99a49bf806e81c28f69fb8a3

PODFILE CHECKSUM: 4d5524f90dafdc767fef556cfb0fb627743afaf9

COCOAPODS: 1.12.1
